// !$*UTF8*$!
{
	archiveVersion = 1;
	classes = {
	};
	objectVersion = 46;
	objects = {

/* Begin PBXBuildFile section */
		84DC7EF21D47F0A400558E56 /* AppDelegate.swift in Sources */ = {isa = PBXBuildFile; fileRef = 84DC7EF11D47F0A400558E56 /* AppDelegate.swift */; };
		84DC7EF41D47F0A400558E56 /* ViewController.swift in Sources */ = {isa = PBXBuildFile; fileRef = 84DC7EF31D47F0A400558E56 /* ViewController.swift */; };
		84DC7EF71D47F0A400558E56 /* Main.storyboard in Resources */ = {isa = PBXBuildFile; fileRef = 84DC7EF51D47F0A400558E56 /* Main.storyboard */; };
		84DC7EF91D47F0A400558E56 /* Assets.xcassets in Resources */ = {isa = PBXBuildFile; fileRef = 84DC7EF81D47F0A400558E56 /* Assets.xcassets */; };
		84DC7EFC1D47F0A400558E56 /* LaunchScreen.storyboard in Resources */ = {isa = PBXBuildFile; fileRef = 84DC7EFA1D47F0A400558E56 /* LaunchScreen.storyboard */; };
		84DC7F041D47F54D00558E56 /* pokemon.csv in Resources */ = {isa = PBXBuildFile; fileRef = 84DC7F031D47F54D00558E56 /* pokemon.csv */; };
/* End PBXBuildFile section */

/* Begin PBXFileReference section */
		84DC7EEE1D47F0A400558E56 /* pokedex.app */ = {isa = PBXFileReference; explicitFileType = wrapper.application; includeInIndex = 0; path = pokedex.app; sourceTree = BUILT_PRODUCTS_DIR; };
		84DC7EF11D47F0A400558E56 /* AppDelegate.swift */ = {isa = PBXFileReference; lastKnownFileType = sourcecode.swift; path = AppDelegate.swift; sourceTree = "<group>"; };
		84DC7EF31D47F0A400558E56 /* ViewController.swift */ = {isa = PBXFileReference; lastKnownFileType = sourcecode.swift; path = ViewController.swift; sourceTree = "<group>"; };
		84DC7EF61D47F0A400558E56 /* Base */ = {isa = PBXFileReference; lastKnownFileType = file.storyboard; name = Base; path = Base.lproj/Main.storyboard; sourceTree = "<group>"; };
		84DC7EF81D47F0A400558E56 /* Assets.xcassets */ = {isa = PBXFileReference; lastKnownFileType = folder.assetcatalog; path = Assets.xcassets; sourceTree = "<group>"; };
		84DC7EFB1D47F0A400558E56 /* Base */ = {isa = PBXFileReference; lastKnownFileType = file.storyboard; name = Base; path = Base.lproj/LaunchScreen.storyboard; sourceTree = "<group>"; };
		84DC7EFD1D47F0A400558E56 /* Info.plist */ = {isa = PBXFileReference; lastKnownFileType = text.plist.xml; path = Info.plist; sourceTree = "<group>"; };
		84DC7F031D47F54D00558E56 /* pokemon.csv */ = {isa = PBXFileReference; fileEncoding = 4; lastKnownFileType = text; path = pokemon.csv; sourceTree = "<group>"; };
/* End PBXFileReference section */

/* Begin PBXFrameworksBuildPhase section */
		84DC7EEB1D47F0A400558E56 /* Frameworks */ = {
			isa = PBXFrameworksBuildPhase;
			buildActionMask = 2147483647;
			files = (
			);
			runOnlyForDeploymentPostprocessing = 0;
		};
/* End PBXFrameworksBuildPhase section */

/* Begin PBXGroup section */
		84DC7EE51D47F0A400558E56 = {
			isa = PBXGroup;
			children = (
				84DC7EF01D47F0A400558E56 /* pokedex */,
				84DC7EEF1D47F0A400558E56 /* Products */,
			);
			sourceTree = "<group>";
		};
		84DC7EEF1D47F0A400558E56 /* Products */ = {
			isa = PBXGroup;
			children = (
				84DC7EEE1D47F0A400558E56 /* pokedex.app */,
			);
			name = Products;
			sourceTree = "<group>";
		};
		84DC7EF01D47F0A400558E56 /* pokedex */ = {
			isa = PBXGroup;
			children = (
				84DC7EF11D47F0A400558E56 /* AppDelegate.swift */,
				84DC7EF31D47F0A400558E56 /* ViewController.swift */,
				84DC7F031D47F54D00558E56 /* pokemon.csv */,
				84DC7EF51D47F0A400558E56 /* Main.storyboard */,
				84DC7EF81D47F0A400558E56 /* Assets.xcassets */,
				84DC7EFA1D47F0A400558E56 /* LaunchScreen.storyboard */,
				84DC7EFD1D47F0A400558E56 /* Info.plist */,
			);
			path = pokedex;
			sourceTree = "<group>";
		};
/* End PBXGroup section */

/* Begin PBXNativeTarget section */
		84DC7EED1D47F0A400558E56 /* pokedex */ = {
			isa = PBXNativeTarget;
			buildConfigurationList = 84DC7F001D47F0A400558E56 /* Build configuration list for PBXNativeTarget "pokedex" */;
			buildPhases = (
				84DC7EEA1D47F0A400558E56 /* Sources */,
				84DC7EEB1D47F0A400558E56 /* Frameworks */,
				84DC7EEC1D47F0A400558E56 /* Resources */,
			);
			buildRules = (
			);
			dependencies = (
			);
			name = pokedex;
			productName = pokedex;
			productReference = 84DC7EEE1D47F0A400558E56 /* pokedex.app */;
			productType = "com.apple.product-type.application";
		};
/* End PBXNativeTarget section */

/* Begin PBXProject section */
		84DC7EE61D47F0A400558E56 /* Project object */ = {
			isa = PBXProject;
			attributes = {
				LastSwiftUpdateCheck = 0720;
				LastUpgradeCheck = 0720;
				ORGANIZATIONNAME = EvilData;
				TargetAttributes = {
					84DC7EED1D47F0A400558E56 = {
						CreatedOnToolsVersion = 7.2;
						DevelopmentTeam = 38892934ZN;
					};
				};
			};
			buildConfigurationList = 84DC7EE91D47F0A400558E56 /* Build configuration list for PBXProject "pokedex" */;
			compatibilityVersion = "Xcode 3.2";
			developmentRegion = English;
			hasScannedForEncodings = 0;
			knownRegions = (
				en,
				Base,
			);
			mainGroup = 84DC7EE51D47F0A400558E56;
			productRefGroup = 84DC7EEF1D47F0A400558E56 /* Products */;
			projectDirPath = "";
			projectRoot = "";
			targets = (
				84DC7EED1D47F0A400558E56 /* pokedex */,
			);
		};
/* End PBXProject section */

/* Begin PBXResourcesBuildPhase section */
		84DC7EEC1D47F0A400558E56 /* Resources */ = {
			isa = PBXResourcesBuildPhase;
			buildActionMask = 2147483647;
			files = (
				84DC7EFC1D47F0A400558E56 /* LaunchScreen.storyboard in Resources */,
				84DC7EF91D47F0A400558E56 /* Assets.xcassets in Resources */,
				84DC7F041D47F54D00558E56 /* pokemon.csv in Resources */,
				84DC7EF71D47F0A400558E56 /* Main.storyboard in Resources */,
			);
			runOnlyForDeploymentPostprocessing = 0;
		};
/* End PBXResourcesBuildPhase section */

/* Begin PBXSourcesBuildPhase section */
		84DC7EEA1D47F0A400558E56 /* Sources */ = {
			isa = PBXSourcesBuildPhase;
			buildActionMask = 2147483647;
			files = (
				84DC7EF41D47F0A400558E56 /* ViewController.swift in Sources */,
				84DC7EF21D47F0A400558E56 /* AppDelegate.swift in Sources */,
			);
			runOnlyForDeploymentPostprocessing = 0;
		};
/* End PBXSourcesBuildPhase section */

/* Begin PBXVariantGroup section */
		84DC7EF51D47F0A400558E56 /* Main.storyboard */ = {
			isa = PBXVariantGroup;
			children = (
				84DC7EF61D47F0A400558E56 /* Base */,
			);
			name = Main.storyboard;
			sourceTree = "<group>";
		};
		84DC7EFA1D47F0A400558E56 /* LaunchScreen.storyboard */ = {
			isa = PBXVariantGroup;
			children = (
				84DC7EFB1D47F0A400558E56 /* Base */,
			);
			name = LaunchScreen.storyboard;
			sourceTree = "<group>";
		};
/* End PBXVariantGroup section */

/* Begin XCBuildConfiguration section */
		84DC7EFE1D47F0A400558E56 /* Debug */ = {
			isa = XCBuildConfiguration;
			buildSettings = {
				ALWAYS_SEARCH_USER_PATHS = NO;
				CLANG_CXX_LANGUAGE_STANDARD = "gnu++0x";
				CLANG_CXX_LIBRARY = "libc++";
				CLANG_ENABLE_MODULES = YES;
				CLANG_ENABLE_OBJC_ARC = YES;
				CLANG_WARN_BOOL_CONVERSION = YES;
				CLANG_WARN_CONSTANT_CONVERSION = YES;
				CLANG_WARN_DIRECT_OBJC_ISA_USAGE = YES_ERROR;
				CLANG_WARN_EMPTY_BODY = YES;
				CLANG_WARN_ENUM_CONVERSION = YES;
				CLANG_WARN_INT_CONVERSION = YES;
				CLANG_WARN_OBJC_ROOT_CLASS = YES_ERROR;
				CLANG_WARN_UNREACHABLE_CODE = YES;
				CLANG_WARN__DUPLICATE_METHOD_MATCH = YES;
				"CODE_SIGN_IDENTITY[sdk=iphoneos*]" = "iPhone Developer";
				COPY_PHASE_STRIP = NO;
				DEBUG_INFORMATION_FORMAT = dwarf;
				ENABLE_STRICT_OBJC_MSGSEND = YES;
				ENABLE_TESTABILITY = YES;
				GCC_C_LANGUAGE_STANDARD = gnu99;
				GCC_DYNAMIC_NO_PIC = NO;
				GCC_NO_COMMON_BLOCKS = YES;
				GCC_OPTIMIZATION_LEVEL = 0;
				GCC_PREPROCESSOR_DEFINITIONS = (
					"DEBUG=1",
					"$(inherited)",
				);
				GCC_WARN_64_TO_32_BIT_CONVERSION = YES;
				GCC_WARN_ABOUT_RETURN_TYPE = YES_ERROR;
				GCC_WARN_UNDECLARED_SELECTOR = YES;
				GCC_WARN_UNINITIALIZED_AUTOS = YES_AGGRESSIVE;
				GCC_WARN_UNUSED_FUNCTION = YES;
				GCC_WARN_UNUSED_VARIABLE = YES;
				IPHONEOS_DEPLOYMENT_TARGET = 9.2;
				MTL_ENABLE_DEBUG_INFO = YES;
				ONLY_ACTIVE_ARCH = YES;
				SDKROOT = iphoneos;
				SWIFT_OPTIMIZATION_LEVEL = "-Onone";
				TARGETED_DEVICE_FAMILY = "1,2";
			};
			name = Debug;
		};
		84DC7EFF1D47F0A400558E56 /* Release */ = {
			isa = XCBuildConfiguration;
			buildSettings = {
				ALWAYS_SEARCH_USER_PATHS = NO;
				CLANG_CXX_LANGUAGE_STANDARD = "gnu++0x";
				CLANG_CXX_LIBRARY = "libc++";
				CLANG_ENABLE_MODULES = YES;
				CLANG_ENABLE_OBJC_ARC = YES;
				CLANG_WARN_BOOL_CONVERSION = YES;
				CLANG_WARN_CONSTANT_CONVERSION = YES;
				CLANG_WARN_DIRECT_OBJC_ISA_USAGE = YES_ERROR;
				CLANG_WARN_EMPTY_BODY = YES;
				CLANG_WARN_ENUM_CONVERSION = YES;
				CLANG_WARN_INT_CONVERSION = YES;
				CLANG_WARN_OBJC_ROOT_CLASS = YES_ERROR;
				CLANG_WARN_UNREACHABLE_CODE = YES;
				CLANG_WARN__DUPLICATE_METHOD_MATCH = YES;
				"CODE_SIGN_IDENTITY[sdk=iphoneos*]" = "iPhone Developer";
				COPY_PHASE_STRIP = NO;
				DEBUG_INFORMATION_FORMAT = "dwarf-with-dsym";
				ENABLE_NS_ASSERTIONS = NO;
				ENABLE_STRICT_OBJC_MSGSEND = YES;
				GCC_C_LANGUAGE_STANDARD = gnu99;
				GCC_NO_COMMON_BLOCKS = YES;
				GCC_WARN_64_TO_32_BIT_CONVERSION = YES;
				GCC_WARN_ABOUT_RETURN_TYPE = YES_ERROR;
				GCC_WARN_UNDECLARED_SELECTOR = YES;
				GCC_WARN_UNINITIALIZED_AUTOS = YES_AGGRESSIVE;
				GCC_WARN_UNUSED_FUNCTION = YES;
				GCC_WARN_UNUSED_VARIABLE = YES;
				IPHONEOS_DEPLOYMENT_TARGET = 9.2;
				MTL_ENABLE_DEBUG_INFO = NO;
				SDKROOT = iphoneos;
				TARGETED_DEVICE_FAMILY = "1,2";
				VALIDATE_PRODUCT = YES;
			};
			name = Release;
		};
		84DC7F011D47F0A400558E56 /* Debug */ = {
			isa = XCBuildConfiguration;
			buildSettings = {
				ASSETCATALOG_COMPILER_APPICON_NAME = AppIcon;
				INFOPLIST_FILE = pokedex/Info.plist;
				LD_RUNPATH_SEARCH_PATHS = "$(inherited) @executable_path/Frameworks";
				PRODUCT_BUNDLE_IDENTIFIER = Com.evildata.Supercool.pokedex;
				PRODUCT_NAME = "$(TARGET_NAME)";
			};
			name = Debug;
		};
		84DC7F021D47F0A400558E56 /* Release */ = {
			isa = XCBuildConfiguration;
			buildSettings = {
				ASSETCATALOG_COMPILER_APPICON_NAME = AppIcon;
				INFOPLIST_FILE = pokedex/Info.plist;
				LD_RUNPATH_SEARCH_PATHS = "$(inherited) @executable_path/Frameworks";
				PRODUCT_BUNDLE_IDENTIFIER = Com.evildata.Supercool.pokedex;
				PRODUCT_NAME = "$(TARGET_NAME)";
			};
			name = Release;
		};
/* End XCBuildConfiguration section */

/* Begin XCConfigurationList section */
		84DC7EE91D47F0A400558E56 /* Build configuration list for PBXProject "pokedex" */ = {
			isa = XCConfigurationList;
			buildConfigurations = (
				84DC7EFE1D47F0A400558E56 /* Debug */,
				84DC7EFF1D47F0A400558E56 /* Release */,
			);
			defaultConfigurationIsVisible = 0;
			defaultConfigurationName = Release;
		};
		84DC7F001D47F0A400558E56 /* Build configuration list for PBXNativeTarget "pokedex" */ = {
			isa = XCConfigurationList;
			buildConfigurations = (
				84DC7F011D47F0A400558E56 /* Debug */,
				84DC7F021D47F0A400558E56 /* Release */,
			);
			defaultConfigurationIsVisible = 0;
		};
/* End XCConfigurationList section */
	};
	rootObject = 84DC7EE61D47F0A400558E56 /* Project object */;
}
