// !$*UTF8*$!
{
	archiveVersion = 1;
	classes = {
	};
	objectVersion = 46;
	objects = {

/* Begin PBXBuildFile section */
		841AA9781D4E6C0400F64DCC /* csv.swift in Sources */ = {isa = PBXBuildFile; fileRef = 841AA9771D4E6C0400F64DCC /* csv.swift */; };
		841AA97E1D4E716B00F64DCC /* Pokemon.ttf in Resources */ = {isa = PBXBuildFile; fileRef = 841AA97D1D4E716B00F64DCC /* Pokemon.ttf */; };
		841AA9801D4E759300F64DCC /* music.mp3 in Resources */ = {isa = PBXBuildFile; fileRef = 841AA97F1D4E759300F64DCC /* music.mp3 */; };
		847053691D5D0F27006642C9 /* PokemonMoves.swift in Sources */ = {isa = PBXBuildFile; fileRef = 847053681D5D0F27006642C9 /* PokemonMoves.swift */; };
		849AEFA91D5114B800D7A2F2 /* PokemonDetailVC.swift in Sources */ = {isa = PBXBuildFile; fileRef = 849AEFA81D5114B800D7A2F2 /* PokemonDetailVC.swift */; };
		849E525F1D4BC9B000728480 /* PokeCell.swift in Sources */ = {isa = PBXBuildFile; fileRef = 849E525E1D4BC9B000728480 /* PokeCell.swift */; };
		84A306821D564E82004AA51B /* Constants.swift in Sources */ = {isa = PBXBuildFile; fileRef = 84A306811D564E81004AA51B /* Constants.swift */; };
		84C8FAF71D49157A002D9317 /* Pokemon.swift in Sources */ = {isa = PBXBuildFile; fileRef = 84C8FAF61D49157A002D9317 /* Pokemon.swift */; };
		84DC7EF21D47F0A400558E56 /* AppDelegate.swift in Sources */ = {isa = PBXBuildFile; fileRef = 84DC7EF11D47F0A400558E56 /* AppDelegate.swift */; };
		84DC7EF41D47F0A400558E56 /* ViewController.swift in Sources */ = {isa = PBXBuildFile; fileRef = 84DC7EF31D47F0A400558E56 /* ViewController.swift */; };
		84DC7EF71D47F0A400558E56 /* Main.storyboard in Resources */ = {isa = PBXBuildFile; fileRef = 84DC7EF51D47F0A400558E56 /* Main.storyboard */; };
		84DC7EF91D47F0A400558E56 /* Assets.xcassets in Resources */ = {isa = PBXBuildFile; fileRef = 84DC7EF81D47F0A400558E56 /* Assets.xcassets */; };
		84DC7EFC1D47F0A400558E56 /* LaunchScreen.storyboard in Resources */ = {isa = PBXBuildFile; fileRef = 84DC7EFA1D47F0A400558E56 /* LaunchScreen.storyboard */; };
		84DC7F041D47F54D00558E56 /* pokemon.csv in Resources */ = {isa = PBXBuildFile; fileRef = 84DC7F031D47F54D00558E56 /* pokemon.csv */; };
		84E79E661D5CBECE000D9DB1 /* MovesCell.swift in Sources */ = {isa = PBXBuildFile; fileRef = 84E79E651D5CBECE000D9DB1 /* MovesCell.swift */; };
		9851235354E13924F2BD6BCC /* Pods_pokedex.framework in Frameworks */ = {isa = PBXBuildFile; fileRef = B25C5FEDA445843A0AD9A540 /* Pods_pokedex.framework */; };
/* End PBXBuildFile section */

/* Begin PBXFileReference section */
		37B3796FF403FBA4AFB8C28A /* Pods-pokedex.release.xcconfig */ = {isa = PBXFileReference; includeInIndex = 1; lastKnownFileType = text.xcconfig; name = "Pods-pokedex.release.xcconfig"; path = "Pods/Target Support Files/Pods-pokedex/Pods-pokedex.release.xcconfig"; sourceTree = "<group>"; };
		47C852C3A06AED4F90D8DCC0 /* Pods-pokedex.debug.xcconfig */ = {isa = PBXFileReference; includeInIndex = 1; lastKnownFileType = text.xcconfig; name = "Pods-pokedex.debug.xcconfig"; path = "Pods/Target Support Files/Pods-pokedex/Pods-pokedex.debug.xcconfig"; sourceTree = "<group>"; };
		841AA9771D4E6C0400F64DCC /* csv.swift */ = {isa = PBXFileReference; fileEncoding = 4; lastKnownFileType = sourcecode.swift; path = csv.swift; sourceTree = "<group>"; };
		841AA97D1D4E716B00F64DCC /* Pokemon.ttf */ = {isa = PBXFileReference; lastKnownFileType = file; path = Pokemon.ttf; sourceTree = "<group>"; };
		841AA97F1D4E759300F64DCC /* music.mp3 */ = {isa = PBXFileReference; lastKnownFileType = audio.mp3; path = music.mp3; sourceTree = "<group>"; };
		847053681D5D0F27006642C9 /* PokemonMoves.swift */ = {isa = PBXFileReference; fileEncoding = 4; lastKnownFileType = sourcecode.swift; path = PokemonMoves.swift; sourceTree = "<group>"; };
		849AEFA81D5114B800D7A2F2 /* PokemonDetailVC.swift */ = {isa = PBXFileReference; fileEncoding = 4; lastKnownFileType = sourcecode.swift; path = PokemonDetailVC.swift; sourceTree = "<group>"; };
		849E525E1D4BC9B000728480 /* PokeCell.swift */ = {isa = PBXFileReference; fileEncoding = 4; lastKnownFileType = sourcecode.swift; path = PokeCell.swift; sourceTree = "<group>"; };
		84A306811D564E81004AA51B /* Constants.swift */ = {isa = PBXFileReference; fileEncoding = 4; lastKnownFileType = sourcecode.swift; path = Constants.swift; sourceTree = "<group>"; };
		84C8FAF61D49157A002D9317 /* Pokemon.swift */ = {isa = PBXFileReference; fileEncoding = 4; lastKnownFileType = sourcecode.swift; path = Pokemon.swift; sourceTree = "<group>"; };
		84DC7EEE1D47F0A400558E56 /* pokedex.app */ = {isa = PBXFileReference; explicitFileType = wrapper.application; includeInIndex = 0; path = pokedex.app; sourceTree = BUILT_PRODUCTS_DIR; };
		84DC7EF11D47F0A400558E56 /* AppDelegate.swift */ = {isa = PBXFileReference; lastKnownFileType = sourcecode.swift; path = AppDelegate.swift; sourceTree = "<group>"; };
		84DC7EF31D47F0A400558E56 /* ViewController.swift */ = {isa = PBXFileReference; lastKnownFileType = sourcecode.swift; path = ViewController.swift; sourceTree = "<group>"; };
		84DC7EF61D47F0A400558E56 /* Base */ = {isa = PBXFileReference; lastKnownFileType = file.storyboard; name = Base; path = Base.lproj/Main.storyboard; sourceTree = "<group>"; };
		84DC7EF81D47F0A400558E56 /* Assets.xcassets */ = {isa = PBXFileReference; lastKnownFileType = folder.assetcatalog; path = Assets.xcassets; sourceTree = "<group>"; };
		84DC7EFB1D47F0A400558E56 /* Base */ = {isa = PBXFileReference; lastKnownFileType = file.storyboard; name = Base; path = Base.lproj/LaunchScreen.storyboard; sourceTree = "<group>"; };
		84DC7EFD1D47F0A400558E56 /* Info.plist */ = {isa = PBXFileReference; lastKnownFileType = text.plist.xml; path = Info.plist; sourceTree = "<group>"; };
		84DC7F031D47F54D00558E56 /* pokemon.csv */ = {isa = PBXFileReference; fileEncoding = 4; lastKnownFileType = text; path = pokemon.csv; sourceTree = "<group>"; };
		84E79E651D5CBECE000D9DB1 /* MovesCell.swift */ = {isa = PBXFileReference; fileEncoding = 4; lastKnownFileType = sourcecode.swift; path = MovesCell.swift; sourceTree = "<group>"; };
		B25C5FEDA445843A0AD9A540 /* Pods_pokedex.framework */ = {isa = PBXFileReference; explicitFileType = wrapper.framework; includeInIndex = 0; path = Pods_pokedex.framework; sourceTree = BUILT_PRODUCTS_DIR; };
/* End PBXFileReference section */

/* Begin PBXFrameworksBuildPhase section */
		84DC7EEB1D47F0A400558E56 /* Frameworks */ = {
			isa = PBXFrameworksBuildPhase;
			buildActionMask = 2147483647;
			files = (
				9851235354E13924F2BD6BCC /* Pods_pokedex.framework in Frameworks */,
			);
			runOnlyForDeploymentPostprocessing = 0;
		};
/* End PBXFrameworksBuildPhase section */

/* Begin PBXGroup section */
		4E8DB994222DF832AF13BE78 /* Frameworks */ = {
			isa = PBXGroup;
			children = (
				B25C5FEDA445843A0AD9A540 /* Pods_pokedex.framework */,
			);
			name = Frameworks;
			sourceTree = "<group>";
		};
		69B54D6C18CBDB6D029B48BF /* Pods */ = {
			isa = PBXGroup;
			children = (
				47C852C3A06AED4F90D8DCC0 /* Pods-pokedex.debug.xcconfig */,
				37B3796FF403FBA4AFB8C28A /* Pods-pokedex.release.xcconfig */,
			);
			name = Pods;
			sourceTree = "<group>";
		};
		841AA9791D4E6C1C00F64DCC /* Util */ = {
			isa = PBXGroup;
			children = (
				841AA9771D4E6C0400F64DCC /* csv.swift */,
				84A306811D564E81004AA51B /* Constants.swift */,
			);
			name = Util;
			sourceTree = "<group>";
		};
		841AA97A1D4E6C2700F64DCC /* Controller */ = {
			isa = PBXGroup;
			children = (
				84DC7EF31D47F0A400558E56 /* ViewController.swift */,
				849AEFA81D5114B800D7A2F2 /* PokemonDetailVC.swift */,
			);
			name = Controller;
			sourceTree = "<group>";
		};
		841AA97B1D4E6C3300F64DCC /* Resources */ = {
			isa = PBXGroup;
			children = (
				841AA97F1D4E759300F64DCC /* music.mp3 */,
				841AA97D1D4E716B00F64DCC /* Pokemon.ttf */,
				84DC7F031D47F54D00558E56 /* pokemon.csv */,
			);
			name = Resources;
			sourceTree = "<group>";
		};
		849E525D1D4BC97F00728480 /* View */ = {
			isa = PBXGroup;
			children = (
				849E525E1D4BC9B000728480 /* PokeCell.swift */,
				84E79E651D5CBECE000D9DB1 /* MovesCell.swift */,
			);
			name = View;
			sourceTree = "<group>";
		};
		84C8FAF51D491564002D9317 /* Model */ = {
			isa = PBXGroup;
			children = (
				84C8FAF61D49157A002D9317 /* Pokemon.swift */,
				847053681D5D0F27006642C9 /* PokemonMoves.swift */,
			);
			name = Model;
			sourceTree = "<group>";
		};
		84DC7EE51D47F0A400558E56 = {
			isa = PBXGroup;
			children = (
				84DC7EF01D47F0A400558E56 /* pokedex */,
				84DC7EEF1D47F0A400558E56 /* Products */,
				69B54D6C18CBDB6D029B48BF /* Pods */,
				4E8DB994222DF832AF13BE78 /* Frameworks */,
			);
			sourceTree = "<group>";
		};
		84DC7EEF1D47F0A400558E56 /* Products */ = {
			isa = PBXGroup;
			children = (
				84DC7EEE1D47F0A400558E56 /* pokedex.app */,
			);
			name = Products;
			sourceTree = "<group>";
		};
		84DC7EF01D47F0A400558E56 /* pokedex */ = {
			isa = PBXGroup;
			children = (
				841AA97B1D4E6C3300F64DCC /* Resources */,
				841AA9791D4E6C1C00F64DCC /* Util */,
				84C8FAF51D491564002D9317 /* Model */,
				849E525D1D4BC97F00728480 /* View */,
				841AA97A1D4E6C2700F64DCC /* Controller */,
				84DC7EF11D47F0A400558E56 /* AppDelegate.swift */,
				84DC7EF51D47F0A400558E56 /* Main.storyboard */,
				84DC7EF81D47F0A400558E56 /* Assets.xcassets */,
				84DC7EFA1D47F0A400558E56 /* LaunchScreen.storyboard */,
				84DC7EFD1D47F0A400558E56 /* Info.plist */,
			);
			path = pokedex;
			sourceTree = "<group>";
		};
/* End PBXGroup section */

/* Begin PBXNativeTarget section */
		84DC7EED1D47F0A400558E56 /* pokedex */ = {
			isa = PBXNativeTarget;
			buildConfigurationList = 84DC7F001D47F0A400558E56 /* Build configuration list for PBXNativeTarget "pokedex" */;
			buildPhases = (
				0D57412C5ADEE10D199E4CC8 /* [CP] Check Pods Manifest.lock */,
				84DC7EEA1D47F0A400558E56 /* Sources */,
				84DC7EEB1D47F0A400558E56 /* Frameworks */,
				84DC7EEC1D47F0A400558E56 /* Resources */,
				F0EA3060FF6EEB4A869196EA /* [CP] Embed Pods Frameworks */,
				034A3B6D9CF2A20C08EB3655 /* [CP] Copy Pods Resources */,
			);
			buildRules = (
			);
			dependencies = (
			);
			name = pokedex;
			productName = pokedex;
			productReference = 84DC7EEE1D47F0A400558E56 /* pokedex.app */;
			productType = "com.apple.product-type.application";
		};
/* End PBXNativeTarget section */

/* Begin PBXProject section */
		84DC7EE61D47F0A400558E56 /* Project object */ = {
			isa = PBXProject;
			attributes = {
				LastSwiftUpdateCheck = 0720;
				LastUpgradeCheck = 0720;
				ORGANIZATIONNAME = EvilData;
				TargetAttributes = {
					84DC7EED1D47F0A400558E56 = {
						CreatedOnToolsVersion = 7.2;
						DevelopmentTeam = 38892934ZN;
					};
				};
			};
			buildConfigurationList = 84DC7EE91D47F0A400558E56 /* Build configuration list for PBXProject "pokedex" */;
			compatibilityVersion = "Xcode 3.2";
			developmentRegion = English;
			hasScannedForEncodings = 0;
			knownRegions = (
				en,
				Base,
			);
			mainGroup = 84DC7EE51D47F0A400558E56;
			productRefGroup = 84DC7EEF1D47F0A400558E56 /* Products */;
			projectDirPath = "";
			projectRoot = "";
			targets = (
				84DC7EED1D47F0A400558E56 /* pokedex */,
			);
		};
/* End PBXProject section */

/* Begin PBXResourcesBuildPhase section */
		84DC7EEC1D47F0A400558E56 /* Resources */ = {
			isa = PBXResourcesBuildPhase;
			buildActionMask = 2147483647;
			files = (
				84DC7EFC1D47F0A400558E56 /* LaunchScreen.storyboard in Resources */,
				841AA97E1D4E716B00F64DCC /* Pokemon.ttf in Resources */,
				841AA9801D4E759300F64DCC /* music.mp3 in Resources */,
				84DC7EF91D47F0A400558E56 /* Assets.xcassets in Resources */,
				84DC7F041D47F54D00558E56 /* pokemon.csv in Resources */,
				84DC7EF71D47F0A400558E56 /* Main.storyboard in Resources */,
			);
			runOnlyForDeploymentPostprocessing = 0;
		};
/* End PBXResourcesBuildPhase section */

/* Begin PBXShellScriptBuildPhase section */
		034A3B6D9CF2A20C08EB3655 /* [CP] Copy Pods Resources */ = {
			isa = PBXShellScriptBuildPhase;
			buildActionMask = 2147483647;
			files = (
			);
			inputPaths = (
			);
			name = "[CP] Copy Pods Resources";
			outputPaths = (
			);
			runOnlyForDeploymentPostprocessing = 0;
			shellPath = /bin/sh;
			shellScript = "\"${SRCROOT}/Pods/Target Support Files/Pods-pokedex/Pods-pokedex-resources.sh\"\n";
			showEnvVarsInLog = 0;
		};
		0D57412C5ADEE10D199E4CC8 /* [CP] Check Pods Manifest.lock */ = {
			isa = PBXShellScriptBuildPhase;
			buildActionMask = 2147483647;
			files = (
			);
			inputPaths = (
			);
			name = "[CP] Check Pods Manifest.lock";
			outputPaths = (
			);
			runOnlyForDeploymentPostprocessing = 0;
			shellPath = /bin/sh;
			shellScript = "diff \"${PODS_ROOT}/../Podfile.lock\" \"${PODS_ROOT}/Manifest.lock\" > /dev/null\nif [[ $? != 0 ]] ; then\n    cat << EOM\nerror: The sandbox is not in sync with the Podfile.lock. Run 'pod install' or update your CocoaPods installation.\nEOM\n    exit 1\nfi\n";
			showEnvVarsInLog = 0;
		};
		F0EA3060FF6EEB4A869196EA /* [CP] Embed Pods Frameworks */ = {
			isa = PBXShellScriptBuildPhase;
			buildActionMask = 2147483647;
			files = (
			);
			inputPaths = (
			);
			name = "[CP] Embed Pods Frameworks";
			outputPaths = (
			);
			runOnlyForDeploymentPostprocessing = 0;
			shellPath = /bin/sh;
			shellScript = "\"${SRCROOT}/Pods/Target Support Files/Pods-pokedex/Pods-pokedex-frameworks.sh\"\n";
			showEnvVarsInLog = 0;
		};
/* End PBXShellScriptBuildPhase section */

/* Begin PBXSourcesBuildPhase section */
		84DC7EEA1D47F0A400558E56 /* Sources */ = {
			isa = PBXSourcesBuildPhase;
			buildActionMask = 2147483647;
			files = (
				84DC7EF41D47F0A400558E56 /* ViewController.swift in Sources */,
				847053691D5D0F27006642C9 /* PokemonMoves.swift in Sources */,
				84DC7EF21D47F0A400558E56 /* AppDelegate.swift in Sources */,
				849E525F1D4BC9B000728480 /* PokeCell.swift in Sources */,
				849AEFA91D5114B800D7A2F2 /* PokemonDetailVC.swift in Sources */,
				84E79E661D5CBECE000D9DB1 /* MovesCell.swift in Sources */,
				84A306821D564E82004AA51B /* Constants.swift in Sources */,
				84C8FAF71D49157A002D9317 /* Pokemon.swift in Sources */,
				841AA9781D4E6C0400F64DCC /* csv.swift in Sources */,
			);
			runOnlyForDeploymentPostprocessing = 0;
		};
/* End PBXSourcesBuildPhase section */

/* Begin PBXVariantGroup section */
		84DC7EF51D47F0A400558E56 /* Main.storyboard */ = {
			isa = PBXVariantGroup;
			children = (
				84DC7EF61D47F0A400558E56 /* Base */,
			);
			name = Main.storyboard;
			sourceTree = "<group>";
		};
		84DC7EFA1D47F0A400558E56 /* LaunchScreen.storyboard */ = {
			isa = PBXVariantGroup;
			children = (
				84DC7EFB1D47F0A400558E56 /* Base */,
			);
			name = LaunchScreen.storyboard;
			sourceTree = "<group>";
		};
/* End PBXVariantGroup section */

/* Begin XCBuildConfiguration section */
		84DC7EFE1D47F0A400558E56 /* Debug */ = {
			isa = XCBuildConfiguration;
			buildSettings = {
				ALWAYS_SEARCH_USER_PATHS = NO;
				CLANG_CXX_LANGUAGE_STANDARD = "gnu++0x";
				CLANG_CXX_LIBRARY = "libc++";
				CLANG_ENABLE_MODULES = YES;
				CLANG_ENABLE_OBJC_ARC = YES;
				CLANG_WARN_BOOL_CONVERSION = YES;
				CLANG_WARN_CONSTANT_CONVERSION = YES;
				CLANG_WARN_DIRECT_OBJC_ISA_USAGE = YES_ERROR;
				CLANG_WARN_EMPTY_BODY = YES;
				CLANG_WARN_ENUM_CONVERSION = YES;
				CLANG_WARN_INT_CONVERSION = YES;
				CLANG_WARN_OBJC_ROOT_CLASS = YES_ERROR;
				CLANG_WARN_UNREACHABLE_CODE = YES;
				CLANG_WARN__DUPLICATE_METHOD_MATCH = YES;
				"CODE_SIGN_IDENTITY[sdk=iphoneos*]" = "iPhone Developer";
				COPY_PHASE_STRIP = NO;
				DEBUG_INFORMATION_FORMAT = dwarf;
				ENABLE_STRICT_OBJC_MSGSEND = YES;
				ENABLE_TESTABILITY = YES;
				GCC_C_LANGUAGE_STANDARD = gnu99;
				GCC_DYNAMIC_NO_PIC = NO;
				GCC_NO_COMMON_BLOCKS = YES;
				GCC_OPTIMIZATION_LEVEL = 0;
				GCC_PREPROCESSOR_DEFINITIONS = (
					"DEBUG=1",
					"$(inherited)",
				);
				GCC_WARN_64_TO_32_BIT_CONVERSION = YES;
				GCC_WARN_ABOUT_RETURN_TYPE = YES_ERROR;
				GCC_WARN_UNDECLARED_SELECTOR = YES;
				GCC_WARN_UNINITIALIZED_AUTOS = YES_AGGRESSIVE;
				GCC_WARN_UNUSED_FUNCTION = YES;
				GCC_WARN_UNUSED_VARIABLE = YES;
				IPHONEOS_DEPLOYMENT_TARGET = 9.2;
				MTL_ENABLE_DEBUG_INFO = YES;
				ONLY_ACTIVE_ARCH = YES;
				SDKROOT = iphoneos;
				SWIFT_OPTIMIZATION_LEVEL = "-Onone";
				TARGETED_DEVICE_FAMILY = "1,2";
			};
			name = Debug;
		};
		84DC7EFF1D47F0A400558E56 /* Release */ = {
			isa = XCBuildConfiguration;
			buildSettings = {
				ALWAYS_SEARCH_USER_PATHS = NO;
				CLANG_CXX_LANGUAGE_STANDARD = "gnu++0x";
				CLANG_CXX_LIBRARY = "libc++";
				CLANG_ENABLE_MODULES = YES;
				CLANG_ENABLE_OBJC_ARC = YES;
				CLANG_WARN_BOOL_CONVERSION = YES;
				CLANG_WARN_CONSTANT_CONVERSION = YES;
				CLANG_WARN_DIRECT_OBJC_ISA_USAGE = YES_ERROR;
				CLANG_WARN_EMPTY_BODY = YES;
				CLANG_WARN_ENUM_CONVERSION = YES;
				CLANG_WARN_INT_CONVERSION = YES;
				CLANG_WARN_OBJC_ROOT_CLASS = YES_ERROR;
				CLANG_WARN_UNREACHABLE_CODE = YES;
				CLANG_WARN__DUPLICATE_METHOD_MATCH = YES;
				"CODE_SIGN_IDENTITY[sdk=iphoneos*]" = "iPhone Developer";
				COPY_PHASE_STRIP = NO;
				DEBUG_INFORMATION_FORMAT = "dwarf-with-dsym";
				ENABLE_NS_ASSERTIONS = NO;
				ENABLE_STRICT_OBJC_MSGSEND = YES;
				GCC_C_LANGUAGE_STANDARD = gnu99;
				GCC_NO_COMMON_BLOCKS = YES;
				GCC_WARN_64_TO_32_BIT_CONVERSION = YES;
				GCC_WARN_ABOUT_RETURN_TYPE = YES_ERROR;
				GCC_WARN_UNDECLARED_SELECTOR = YES;
				GCC_WARN_UNINITIALIZED_AUTOS = YES_AGGRESSIVE;
				GCC_WARN_UNUSED_FUNCTION = YES;
				GCC_WARN_UNUSED_VARIABLE = YES;
				IPHONEOS_DEPLOYMENT_TARGET = 9.2;
				MTL_ENABLE_DEBUG_INFO = NO;
				SDKROOT = iphoneos;
				TARGETED_DEVICE_FAMILY = "1,2";
				VALIDATE_PRODUCT = YES;
			};
			name = Release;
		};
		84DC7F011D47F0A400558E56 /* Debug */ = {
			isa = XCBuildConfiguration;
			baseConfigurationReference = 47C852C3A06AED4F90D8DCC0 /* Pods-pokedex.debug.xcconfig */;
			buildSettings = {
				ASSETCATALOG_COMPILER_APPICON_NAME = AppIcon;
				INFOPLIST_FILE = pokedex/Info.plist;
				LD_RUNPATH_SEARCH_PATHS = "$(inherited) @executable_path/Frameworks";
				PRODUCT_BUNDLE_IDENTIFIER = Com.evildata.Supercool.pokedex;
				PRODUCT_NAME = "$(TARGET_NAME)";
			};
			name = Debug;
		};
		84DC7F021D47F0A400558E56 /* Release */ = {
			isa = XCBuildConfiguration;
			baseConfigurationReference = 37B3796FF403FBA4AFB8C28A /* Pods-pokedex.release.xcconfig */;
			buildSettings = {
				ASSETCATALOG_COMPILER_APPICON_NAME = AppIcon;
				INFOPLIST_FILE = pokedex/Info.plist;
				LD_RUNPATH_SEARCH_PATHS = "$(inherited) @executable_path/Frameworks";
				PRODUCT_BUNDLE_IDENTIFIER = Com.evildata.Supercool.pokedex;
				PRODUCT_NAME = "$(TARGET_NAME)";
			};
			name = Release;
		};
/* End XCBuildConfiguration section */

/* Begin XCConfigurationList section */
		84DC7EE91D47F0A400558E56 /* Build configuration list for PBXProject "pokedex" */ = {
			isa = XCConfigurationList;
			buildConfigurations = (
				84DC7EFE1D47F0A400558E56 /* Debug */,
				84DC7EFF1D47F0A400558E56 /* Release */,
			);
			defaultConfigurationIsVisible = 0;
			defaultConfigurationName = Release;
		};
		84DC7F001D47F0A400558E56 /* Build configuration list for PBXNativeTarget "pokedex" */ = {
			isa = XCConfigurationList;
			buildConfigurations = (
				84DC7F011D47F0A400558E56 /* Debug */,
				84DC7F021D47F0A400558E56 /* Release */,
			);
			defaultConfigurationIsVisible = 0;
			defaultConfigurationName = Release;
		};
/* End XCConfigurationList section */
	};
	rootObject = 84DC7EE61D47F0A400558E56 /* Project object */;
}
